
Microsoft Visual Studio Solution File, Format Version 12.00
# Visual Studio 2013
VisualStudioVersion = 12.0.31101.0
MinimumVisualStudioVersion = 10.0.40219.1
Project("{2150E333-8FDC-42A3-9474-1A3956D46DE8}") = ".nuget", ".nuget", "{60930B8A-92EF-4BD3-A098-0630E9651A16}"
	ProjectSection(SolutionItems) = preProject
		.nuget\NuGet.Config = .nuget\NuGet.Config
		.nuget\NuGet.exe = .nuget\NuGet.exe
		.nuget\NuGet.targets = .nuget\NuGet.targets
	EndProjectSection
EndProject
Project("{2150E333-8FDC-42A3-9474-1A3956D46DE8}") = "Solution Items", "Solution Items", "{639C0BBA-C541-41FD-B298-8EB60A064566}"
	ProjectSection(SolutionItems) = preProject
		README.txt = README.txt
	EndProjectSection
EndProject
Project("{FAE04EC0-301F-11D3-BF4B-00C04F79EFBC}") = "Steganography", "Steganography\Steganography.csproj", "{7B06E3F7-7C68-4145-A313-716FDF08996F}"
	ProjectSection(ProjectDependencies) = postProject
		{BEA875B8-E28A-49C5-8E7E-6512DA65F7E1} = {BEA875B8-E28A-49C5-8E7E-6512DA65F7E1}
	EndProjectSection
EndProject
Project("{FAE04EC0-301F-11D3-BF4B-00C04F79EFBC}") = "Steganography.UnitTest", "Steganography.UnitTest\Steganography.UnitTest.csproj", "{DAC0EE9A-164C-42D5-B1E9-37972D06AB32}"
	ProjectSection(ProjectDependencies) = postProject
		{04EBCB94-404A-474F-94CD-F58EAFFF890A} = {04EBCB94-404A-474F-94CD-F58EAFFF890A}
		{BEA875B8-E28A-49C5-8E7E-6512DA65F7E1} = {BEA875B8-E28A-49C5-8E7E-6512DA65F7E1}
	EndProjectSection
EndProject
Project("{FAE04EC0-301F-11D3-BF4B-00C04F79EFBC}") = "FFTWSharp", "FFTWSharp\FFTWSharp\FFTWSharp.csproj", "{BEA875B8-E28A-49C5-8E7E-6512DA65F7E1}"
EndProject
Project("{FAE04EC0-301F-11D3-BF4B-00C04F79EFBC}") = "FFTTools", "FFTTools\FFTTools\FFTTools.csproj", "{04EBCB94-404A-474F-94CD-F58EAFFF890A}"
EndProject
Project("{6141683F-8A12-4E36-9623-2EB02B2C2303}") = "Steganography.Setup", "Steganography.Setup\Steganography.Setup.isproj", "{E34DA2D4-E43B-4B37-AE10-961556FB3CC7}"
	ProjectSection(ProjectDependencies) = postProject
		{04EBCB94-404A-474F-94CD-F58EAFFF890A} = {04EBCB94-404A-474F-94CD-F58EAFFF890A}
		{DAC0EE9A-164C-42D5-B1E9-37972D06AB32} = {DAC0EE9A-164C-42D5-B1E9-37972D06AB32}
		{BEA875B8-E28A-49C5-8E7E-6512DA65F7E1} = {BEA875B8-E28A-49C5-8E7E-6512DA65F7E1}
		{7B06E3F7-7C68-4145-A313-716FDF08996F} = {7B06E3F7-7C68-4145-A313-716FDF08996F}
	EndProjectSection
EndProject
Global
	GlobalSection(SolutionConfigurationPlatforms) = preSolution
		CD_ROM|Any CPU = CD_ROM|Any CPU
		CD_ROM|ARM = CD_ROM|ARM
		CD_ROM|Mixed Platforms = CD_ROM|Mixed Platforms
		CD_ROM|Win32 = CD_ROM|Win32
		CD_ROM|x64 = CD_ROM|x64
		CD_ROM|x86 = CD_ROM|x86
		Debug|Any CPU = Debug|Any CPU
		Debug|ARM = Debug|ARM
		Debug|Mixed Platforms = Debug|Mixed Platforms
		Debug|Win32 = Debug|Win32
		Debug|x64 = Debug|x64
		Debug|x86 = Debug|x86
		DVD-5|Any CPU = DVD-5|Any CPU
		DVD-5|ARM = DVD-5|ARM
		DVD-5|Mixed Platforms = DVD-5|Mixed Platforms
		DVD-5|Win32 = DVD-5|Win32
		DVD-5|x64 = DVD-5|x64
		DVD-5|x86 = DVD-5|x86
		Release|Any CPU = Release|Any CPU
		Release|ARM = Release|ARM
		Release|Mixed Platforms = Release|Mixed Platforms
		Release|Win32 = Release|Win32
		Release|x64 = Release|x64
		Release|x86 = Release|x86
		SingleImage|Any CPU = SingleImage|Any CPU
		SingleImage|ARM = SingleImage|ARM
		SingleImage|Mixed Platforms = SingleImage|Mixed Platforms
		SingleImage|Win32 = SingleImage|Win32
		SingleImage|x64 = SingleImage|x64
		SingleImage|x86 = SingleImage|x86
	EndGlobalSection
	GlobalSection(ProjectConfigurationPlatforms) = postSolution
		{7B06E3F7-7C68-4145-A313-716FDF08996F}.CD_ROM|Any CPU.ActiveCfg = Release|Any CPU
		{7B06E3F7-7C68-4145-A313-716FDF08996F}.CD_ROM|Any CPU.Build.0 = Release|Any CPU
		{7B06E3F7-7C68-4145-A313-716FDF08996F}.CD_ROM|ARM.ActiveCfg = Debug|Any CPU
		{7B06E3F7-7C68-4145-A313-716FDF08996F}.CD_ROM|Mixed Platforms.ActiveCfg = Release|x86
		{7B06E3F7-7C68-4145-A313-716FDF08996F}.CD_ROM|Mixed Platforms.Build.0 = Release|x86
		{7B06E3F7-7C68-4145-A313-716FDF08996F}.CD_ROM|Win32.ActiveCfg = Debug|x86
		{7B06E3F7-7C68-4145-A313-716FDF08996F}.CD_ROM|Win32.Build.0 = Debug|x86
		{7B06E3F7-7C68-4145-A313-716FDF08996F}.CD_ROM|x64.ActiveCfg = Release|x64
		{7B06E3F7-7C68-4145-A313-716FDF08996F}.CD_ROM|x64.Build.0 = Release|x64
		{7B06E3F7-7C68-4145-A313-716FDF08996F}.CD_ROM|x86.ActiveCfg = Release|x86
		{7B06E3F7-7C68-4145-A313-716FDF08996F}.CD_ROM|x86.Build.0 = Release|x86
		{7B06E3F7-7C68-4145-A313-716FDF08996F}.Debug|Any CPU.ActiveCfg = Debug|Any CPU
		{7B06E3F7-7C68-4145-A313-716FDF08996F}.Debug|Any CPU.Build.0 = Debug|Any CPU
		{7B06E3F7-7C68-4145-A313-716FDF08996F}.Debug|ARM.ActiveCfg = Debug|Any CPU
		{7B06E3F7-7C68-4145-A313-716FDF08996F}.Debug|Mixed Platforms.ActiveCfg = Debug|x86
		{7B06E3F7-7C68-4145-A313-716FDF08996F}.Debug|Mixed Platforms.Build.0 = Debug|x86
		{7B06E3F7-7C68-4145-A313-716FDF08996F}.Debug|Win32.ActiveCfg = Debug|x86
		{7B06E3F7-7C68-4145-A313-716FDF08996F}.Debug|Win32.Build.0 = Debug|x86
		{7B06E3F7-7C68-4145-A313-716FDF08996F}.Debug|x64.ActiveCfg = Debug|x64
		{7B06E3F7-7C68-4145-A313-716FDF08996F}.Debug|x64.Build.0 = Debug|x64
		{7B06E3F7-7C68-4145-A313-716FDF08996F}.Debug|x86.ActiveCfg = Debug|x86
		{7B06E3F7-7C68-4145-A313-716FDF08996F}.Debug|x86.Build.0 = Debug|x86
		{7B06E3F7-7C68-4145-A313-716FDF08996F}.DVD-5|Any CPU.ActiveCfg = Debug|Any CPU
		{7B06E3F7-7C68-4145-A313-716FDF08996F}.DVD-5|Any CPU.Build.0 = Debug|Any CPU
		{7B06E3F7-7C68-4145-A313-716FDF08996F}.DVD-5|ARM.ActiveCfg = Debug|Any CPU
		{7B06E3F7-7C68-4145-A313-716FDF08996F}.DVD-5|Mixed Platforms.ActiveCfg = Debug|x86
		{7B06E3F7-7C68-4145-A313-716FDF08996F}.DVD-5|Mixed Platforms.Build.0 = Debug|x86
		{7B06E3F7-7C68-4145-A313-716FDF08996F}.DVD-5|Win32.ActiveCfg = Debug|x86
		{7B06E3F7-7C68-4145-A313-716FDF08996F}.DVD-5|Win32.Build.0 = Debug|x86
		{7B06E3F7-7C68-4145-A313-716FDF08996F}.DVD-5|x64.ActiveCfg = Debug|x64
		{7B06E3F7-7C68-4145-A313-716FDF08996F}.DVD-5|x64.Build.0 = Debug|x64
		{7B06E3F7-7C68-4145-A313-716FDF08996F}.DVD-5|x86.ActiveCfg = Debug|x86
		{7B06E3F7-7C68-4145-A313-716FDF08996F}.DVD-5|x86.Build.0 = Debug|x86
		{7B06E3F7-7C68-4145-A313-716FDF08996F}.Release|Any CPU.ActiveCfg = Release|Any CPU
		{7B06E3F7-7C68-4145-A313-716FDF08996F}.Release|Any CPU.Build.0 = Release|Any CPU
		{7B06E3F7-7C68-4145-A313-716FDF08996F}.Release|ARM.ActiveCfg = Release|Any CPU
		{7B06E3F7-7C68-4145-A313-716FDF08996F}.Release|Mixed Platforms.ActiveCfg = Release|Any CPU
		{7B06E3F7-7C68-4145-A313-716FDF08996F}.Release|Mixed Platforms.Build.0 = Release|Any CPU
		{7B06E3F7-7C68-4145-A313-716FDF08996F}.Release|Win32.ActiveCfg = Release|x86
		{7B06E3F7-7C68-4145-A313-716FDF08996F}.Release|Win32.Build.0 = Release|x86
		{7B06E3F7-7C68-4145-A313-716FDF08996F}.Release|x64.ActiveCfg = Release|x64
		{7B06E3F7-7C68-4145-A313-716FDF08996F}.Release|x64.Build.0 = Release|x64
		{7B06E3F7-7C68-4145-A313-716FDF08996F}.Release|x86.ActiveCfg = Release|x86
		{7B06E3F7-7C68-4145-A313-716FDF08996F}.Release|x86.Build.0 = Release|x86
		{7B06E3F7-7C68-4145-A313-716FDF08996F}.SingleImage|Any CPU.ActiveCfg = Release|Any CPU
		{7B06E3F7-7C68-4145-A313-716FDF08996F}.SingleImage|Any CPU.Build.0 = Release|Any CPU
		{7B06E3F7-7C68-4145-A313-716FDF08996F}.SingleImage|ARM.ActiveCfg = Debug|Any CPU
		{7B06E3F7-7C68-4145-A313-716FDF08996F}.SingleImage|Mixed Platforms.ActiveCfg = Release|x86
		{7B06E3F7-7C68-4145-A313-716FDF08996F}.SingleImage|Mixed Platforms.Build.0 = Release|x86
		{7B06E3F7-7C68-4145-A313-716FDF08996F}.SingleImage|Win32.ActiveCfg = Debug|x86
		{7B06E3F7-7C68-4145-A313-716FDF08996F}.SingleImage|Win32.Build.0 = Debug|x86
		{7B06E3F7-7C68-4145-A313-716FDF08996F}.SingleImage|x64.ActiveCfg = Release|x64
		{7B06E3F7-7C68-4145-A313-716FDF08996F}.SingleImage|x64.Build.0 = Release|x64
		{7B06E3F7-7C68-4145-A313-716FDF08996F}.SingleImage|x86.ActiveCfg = Release|x86
		{7B06E3F7-7C68-4145-A313-716FDF08996F}.SingleImage|x86.Build.0 = Release|x86
		{DAC0EE9A-164C-42D5-B1E9-37972D06AB32}.CD_ROM|Any CPU.ActiveCfg = Release|Any CPU
		{DAC0EE9A-164C-42D5-B1E9-37972D06AB32}.CD_ROM|Any CPU.Build.0 = Release|Any CPU
		{DAC0EE9A-164C-42D5-B1E9-37972D06AB32}.CD_ROM|ARM.ActiveCfg = Debug|Any CPU
		{DAC0EE9A-164C-42D5-B1E9-37972D06AB32}.CD_ROM|Mixed Platforms.ActiveCfg = Release|x86
		{DAC0EE9A-164C-42D5-B1E9-37972D06AB32}.CD_ROM|Mixed Platforms.Build.0 = Release|x86
		{DAC0EE9A-164C-42D5-B1E9-37972D06AB32}.CD_ROM|Win32.ActiveCfg = Debug|x86
		{DAC0EE9A-164C-42D5-B1E9-37972D06AB32}.CD_ROM|Win32.Build.0 = Debug|x86
		{DAC0EE9A-164C-42D5-B1E9-37972D06AB32}.CD_ROM|x64.ActiveCfg = Release|x64
		{DAC0EE9A-164C-42D5-B1E9-37972D06AB32}.CD_ROM|x64.Build.0 = Release|x64
		{DAC0EE9A-164C-42D5-B1E9-37972D06AB32}.CD_ROM|x86.ActiveCfg = Release|x86
		{DAC0EE9A-164C-42D5-B1E9-37972D06AB32}.CD_ROM|x86.Build.0 = Release|x86
		{DAC0EE9A-164C-42D5-B1E9-37972D06AB32}.Debug|Any CPU.ActiveCfg = Debug|Any CPU
		{DAC0EE9A-164C-42D5-B1E9-37972D06AB32}.Debug|Any CPU.Build.0 = Debug|Any CPU
		{DAC0EE9A-164C-42D5-B1E9-37972D06AB32}.Debug|ARM.ActiveCfg = Debug|Any CPU
		{DAC0EE9A-164C-42D5-B1E9-37972D06AB32}.Debug|Mixed Platforms.ActiveCfg = Debug|x86
		{DAC0EE9A-164C-42D5-B1E9-37972D06AB32}.Debug|Mixed Platforms.Build.0 = Debug|x86
		{DAC0EE9A-164C-42D5-B1E9-37972D06AB32}.Debug|Win32.ActiveCfg = Debug|x86
		{DAC0EE9A-164C-42D5-B1E9-37972D06AB32}.Debug|Win32.Build.0 = Debug|x86
		{DAC0EE9A-164C-42D5-B1E9-37972D06AB32}.Debug|x64.ActiveCfg = Debug|x64
		{DAC0EE9A-164C-42D5-B1E9-37972D06AB32}.Debug|x64.Build.0 = Debug|x64
		{DAC0EE9A-164C-42D5-B1E9-37972D06AB32}.Debug|x86.ActiveCfg = Debug|x86
		{DAC0EE9A-164C-42D5-B1E9-37972D06AB32}.Debug|x86.Build.0 = Debug|x86
		{DAC0EE9A-164C-42D5-B1E9-37972D06AB32}.DVD-5|Any CPU.ActiveCfg = Debug|Any CPU
		{DAC0EE9A-164C-42D5-B1E9-37972D06AB32}.DVD-5|Any CPU.Build.0 = Debug|Any CPU
		{DAC0EE9A-164C-42D5-B1E9-37972D06AB32}.DVD-5|ARM.ActiveCfg = Debug|Any CPU
		{DAC0EE9A-164C-42D5-B1E9-37972D06AB32}.DVD-5|Mixed Platforms.ActiveCfg = Debug|x86
		{DAC0EE9A-164C-42D5-B1E9-37972D06AB32}.DVD-5|Mixed Platforms.Build.0 = Debug|x86
		{DAC0EE9A-164C-42D5-B1E9-37972D06AB32}.DVD-5|Win32.ActiveCfg = Debug|x86
		{DAC0EE9A-164C-42D5-B1E9-37972D06AB32}.DVD-5|Win32.Build.0 = Debug|x86
		{DAC0EE9A-164C-42D5-B1E9-37972D06AB32}.DVD-5|x64.ActiveCfg = Debug|x64
		{DAC0EE9A-164C-42D5-B1E9-37972D06AB32}.DVD-5|x64.Build.0 = Debug|x64
		{DAC0EE9A-164C-42D5-B1E9-37972D06AB32}.DVD-5|x86.ActiveCfg = Debug|x86
		{DAC0EE9A-164C-42D5-B1E9-37972D06AB32}.DVD-5|x86.Build.0 = Debug|x86
		{DAC0EE9A-164C-42D5-B1E9-37972D06AB32}.Release|Any CPU.ActiveCfg = Release|Any CPU
		{DAC0EE9A-164C-42D5-B1E9-37972D06AB32}.Release|Any CPU.Build.0 = Release|Any CPU
		{DAC0EE9A-164C-42D5-B1E9-37972D06AB32}.Release|ARM.ActiveCfg = Release|Any CPU
		{DAC0EE9A-164C-42D5-B1E9-37972D06AB32}.Release|Mixed Platforms.ActiveCfg = Release|Any CPU
		{DAC0EE9A-164C-42D5-B1E9-37972D06AB32}.Release|Mixed Platforms.Build.0 = Release|Any CPU
		{DAC0EE9A-164C-42D5-B1E9-37972D06AB32}.Release|Win32.ActiveCfg = Release|x86
		{DAC0EE9A-164C-42D5-B1E9-37972D06AB32}.Release|Win32.Build.0 = Release|x86
		{DAC0EE9A-164C-42D5-B1E9-37972D06AB32}.Release|x64.ActiveCfg = Release|x64
		{DAC0EE9A-164C-42D5-B1E9-37972D06AB32}.Release|x64.Build.0 = Release|x64
		{DAC0EE9A-164C-42D5-B1E9-37972D06AB32}.Release|x86.ActiveCfg = Release|x86
		{DAC0EE9A-164C-42D5-B1E9-37972D06AB32}.Release|x86.Build.0 = Release|x86
		{DAC0EE9A-164C-42D5-B1E9-37972D06AB32}.SingleImage|Any CPU.ActiveCfg = Release|Any CPU
		{DAC0EE9A-164C-42D5-B1E9-37972D06AB32}.SingleImage|Any CPU.Build.0 = Release|Any CPU
		{DAC0EE9A-164C-42D5-B1E9-37972D06AB32}.SingleImage|ARM.ActiveCfg = Debug|Any CPU
		{DAC0EE9A-164C-42D5-B1E9-37972D06AB32}.SingleImage|Mixed Platforms.ActiveCfg = Release|x86
		{DAC0EE9A-164C-42D5-B1E9-37972D06AB32}.SingleImage|Mixed Platforms.Build.0 = Release|x86
		{DAC0EE9A-164C-42D5-B1E9-37972D06AB32}.SingleImage|Win32.ActiveCfg = Debug|x86
		{DAC0EE9A-164C-42D5-B1E9-37972D06AB32}.SingleImage|Win32.Build.0 = Debug|x86
		{DAC0EE9A-164C-42D5-B1E9-37972D06AB32}.SingleImage|x64.ActiveCfg = Release|x64
		{DAC0EE9A-164C-42D5-B1E9-37972D06AB32}.SingleImage|x64.Build.0 = Release|x64
		{DAC0EE9A-164C-42D5-B1E9-37972D06AB32}.SingleImage|x86.ActiveCfg = Release|x86
		{DAC0EE9A-164C-42D5-B1E9-37972D06AB32}.SingleImage|x86.Build.0 = Release|x86
		{BEA875B8-E28A-49C5-8E7E-6512DA65F7E1}.CD_ROM|Any CPU.ActiveCfg = Release|Any CPU
		{BEA875B8-E28A-49C5-8E7E-6512DA65F7E1}.CD_ROM|Any CPU.Build.0 = Release|Any CPU
		{BEA875B8-E28A-49C5-8E7E-6512DA65F7E1}.CD_ROM|ARM.ActiveCfg = Debug|Any CPU
		{BEA875B8-E28A-49C5-8E7E-6512DA65F7E1}.CD_ROM|Mixed Platforms.ActiveCfg = Debug|Any CPU
		{BEA875B8-E28A-49C5-8E7E-6512DA65F7E1}.CD_ROM|Mixed Platforms.Build.0 = Debug|Any CPU
		{BEA875B8-E28A-49C5-8E7E-6512DA65F7E1}.CD_ROM|Win32.ActiveCfg = Release|x86
		{BEA875B8-E28A-49C5-8E7E-6512DA65F7E1}.CD_ROM|Win32.Build.0 = Release|x86
		{BEA875B8-E28A-49C5-8E7E-6512DA65F7E1}.CD_ROM|x64.ActiveCfg = Debug|Any CPU
		{BEA875B8-E28A-49C5-8E7E-6512DA65F7E1}.CD_ROM|x86.ActiveCfg = Debug|Any CPU
		{BEA875B8-E28A-49C5-8E7E-6512DA65F7E1}.Debug|Any CPU.ActiveCfg = Debug|Any CPU
		{BEA875B8-E28A-49C5-8E7E-6512DA65F7E1}.Debug|Any CPU.Build.0 = Debug|Any CPU
		{BEA875B8-E28A-49C5-8E7E-6512DA65F7E1}.Debug|ARM.ActiveCfg = Debug|Any CPU
		{BEA875B8-E28A-49C5-8E7E-6512DA65F7E1}.Debug|Mixed Platforms.ActiveCfg = Debug|Any CPU
		{BEA875B8-E28A-49C5-8E7E-6512DA65F7E1}.Debug|Mixed Platforms.Build.0 = Debug|Any CPU
		{BEA875B8-E28A-49C5-8E7E-6512DA65F7E1}.Debug|Win32.ActiveCfg = Debug|x86
		{BEA875B8-E28A-49C5-8E7E-6512DA65F7E1}.Debug|Win32.Build.0 = Debug|x86
		{BEA875B8-E28A-49C5-8E7E-6512DA65F7E1}.Debug|x64.ActiveCfg = Debug|x64
		{BEA875B8-E28A-49C5-8E7E-6512DA65F7E1}.Debug|x64.Build.0 = Debug|x64
		{BEA875B8-E28A-49C5-8E7E-6512DA65F7E1}.Debug|x86.ActiveCfg = Debug|x86
		{BEA875B8-E28A-49C5-8E7E-6512DA65F7E1}.Debug|x86.Build.0 = Debug|x86
		{BEA875B8-E28A-49C5-8E7E-6512DA65F7E1}.DVD-5|Any CPU.ActiveCfg = Debug|Any CPU
		{BEA875B8-E28A-49C5-8E7E-6512DA65F7E1}.DVD-5|Any CPU.Build.0 = Debug|Any CPU
		{BEA875B8-E28A-49C5-8E7E-6512DA65F7E1}.DVD-5|ARM.ActiveCfg = Debug|Any CPU
		{BEA875B8-E28A-49C5-8E7E-6512DA65F7E1}.DVD-5|Mixed Platforms.ActiveCfg = Debug|Any CPU
		{BEA875B8-E28A-49C5-8E7E-6512DA65F7E1}.DVD-5|Mixed Platforms.Build.0 = Debug|Any CPU
		{BEA875B8-E28A-49C5-8E7E-6512DA65F7E1}.DVD-5|Win32.ActiveCfg = Debug|x86
		{BEA875B8-E28A-49C5-8E7E-6512DA65F7E1}.DVD-5|Win32.Build.0 = Debug|x86
		{BEA875B8-E28A-49C5-8E7E-6512DA65F7E1}.DVD-5|x64.ActiveCfg = Debug|Any CPU
		{BEA875B8-E28A-49C5-8E7E-6512DA65F7E1}.DVD-5|x86.ActiveCfg = Debug|Any CPU
		{BEA875B8-E28A-49C5-8E7E-6512DA65F7E1}.Release|Any CPU.ActiveCfg = Release|Any CPU
		{BEA875B8-E28A-49C5-8E7E-6512DA65F7E1}.Release|Any CPU.Build.0 = Release|Any CPU
		{BEA875B8-E28A-49C5-8E7E-6512DA65F7E1}.Release|ARM.ActiveCfg = Release|Any CPU
		{BEA875B8-E28A-49C5-8E7E-6512DA65F7E1}.Release|Mixed Platforms.ActiveCfg = Release|Any CPU
		{BEA875B8-E28A-49C5-8E7E-6512DA65F7E1}.Release|Mixed Platforms.Build.0 = Release|Any CPU
		{BEA875B8-E28A-49C5-8E7E-6512DA65F7E1}.Release|Win32.ActiveCfg = Release|x86
		{BEA875B8-E28A-49C5-8E7E-6512DA65F7E1}.Release|Win32.Build.0 = Release|x86
		{BEA875B8-E28A-49C5-8E7E-6512DA65F7E1}.Release|x64.ActiveCfg = Release|x64
		{BEA875B8-E28A-49C5-8E7E-6512DA65F7E1}.Release|x64.Build.0 = Release|x64
		{BEA875B8-E28A-49C5-8E7E-6512DA65F7E1}.Release|x86.ActiveCfg = Release|x86
		{BEA875B8-E28A-49C5-8E7E-6512DA65F7E1}.Release|x86.Build.0 = Release|x86
		{BEA875B8-E28A-49C5-8E7E-6512DA65F7E1}.SingleImage|Any CPU.ActiveCfg = Release|Any CPU
		{BEA875B8-E28A-49C5-8E7E-6512DA65F7E1}.SingleImage|Any CPU.Build.0 = Release|Any CPU
		{BEA875B8-E28A-49C5-8E7E-6512DA65F7E1}.SingleImage|ARM.ActiveCfg = Debug|Any CPU
		{BEA875B8-E28A-49C5-8E7E-6512DA65F7E1}.SingleImage|Mixed Platforms.ActiveCfg = Debug|Any CPU
		{BEA875B8-E28A-49C5-8E7E-6512DA65F7E1}.SingleImage|Mixed Platforms.Build.0 = Debug|Any CPU
		{BEA875B8-E28A-49C5-8E7E-6512DA65F7E1}.SingleImage|Win32.ActiveCfg = Release|x86
		{BEA875B8-E28A-49C5-8E7E-6512DA65F7E1}.SingleImage|Win32.Build.0 = Release|x86
		{BEA875B8-E28A-49C5-8E7E-6512DA65F7E1}.SingleImage|x64.ActiveCfg = Debug|Any CPU
		{BEA875B8-E28A-49C5-8E7E-6512DA65F7E1}.SingleImage|x86.ActiveCfg = Debug|x86
		{BEA875B8-E28A-49C5-8E7E-6512DA65F7E1}.SingleImage|x86.Build.0 = Debug|x86
		{04EBCB94-404A-474F-94CD-F58EAFFF890A}.CD_ROM|Any CPU.ActiveCfg = Release|Any CPU
		{04EBCB94-404A-474F-94CD-F58EAFFF890A}.CD_ROM|Any CPU.Build.0 = Release|Any CPU
		{04EBCB94-404A-474F-94CD-F58EAFFF890A}.CD_ROM|ARM.ActiveCfg = Debug|Any CPU
		{04EBCB94-404A-474F-94CD-F58EAFFF890A}.CD_ROM|Mixed Platforms.ActiveCfg = Release|x86
		{04EBCB94-404A-474F-94CD-F58EAFFF890A}.CD_ROM|Mixed Platforms.Build.0 = Release|x86
		{04EBCB94-404A-474F-94CD-F58EAFFF890A}.CD_ROM|Win32.ActiveCfg = Debug|x86
		{04EBCB94-404A-474F-94CD-F58EAFFF890A}.CD_ROM|Win32.Build.0 = Debug|x86
		{04EBCB94-404A-474F-94CD-F58EAFFF890A}.CD_ROM|x64.ActiveCfg = Release|x64
		{04EBCB94-404A-474F-94CD-F58EAFFF890A}.CD_ROM|x64.Build.0 = Release|x64
		{04EBCB94-404A-474F-94CD-F58EAFFF890A}.CD_ROM|x86.ActiveCfg = Release|x86
		{04EBCB94-404A-474F-94CD-F58EAFFF890A}.CD_ROM|x86.Build.0 = Release|x86
		{04EBCB94-404A-474F-94CD-F58EAFFF890A}.Debug|Any CPU.ActiveCfg = Debug|Any CPU
		{04EBCB94-404A-474F-94CD-F58EAFFF890A}.Debug|Any CPU.Build.0 = Debug|Any CPU
		{04EBCB94-404A-474F-94CD-F58EAFFF890A}.Debug|ARM.ActiveCfg = Debug|Any CPU
		{04EBCB94-404A-474F-94CD-F58EAFFF890A}.Debug|Mixed Platforms.ActiveCfg = Debug|x86
		{04EBCB94-404A-474F-94CD-F58EAFFF890A}.Debug|Mixed Platforms.Build.0 = Debug|x86
		{04EBCB94-404A-474F-94CD-F58EAFFF890A}.Debug|Win32.ActiveCfg = Debug|x86
		{04EBCB94-404A-474F-94CD-F58EAFFF890A}.Debug|Win32.Build.0 = Debug|x86
		{04EBCB94-404A-474F-94CD-F58EAFFF890A}.Debug|x64.ActiveCfg = Debug|x64
		{04EBCB94-404A-474F-94CD-F58EAFFF890A}.Debug|x64.Build.0 = Debug|x64
		{04EBCB94-404A-474F-94CD-F58EAFFF890A}.Debug|x86.ActiveCfg = Debug|x86
		{04EBCB94-404A-474F-94CD-F58EAFFF890A}.Debug|x86.Build.0 = Debug|x86
		{04EBCB94-404A-474F-94CD-F58EAFFF890A}.DVD-5|Any CPU.ActiveCfg = Debug|Any CPU
		{04EBCB94-404A-474F-94CD-F58EAFFF890A}.DVD-5|Any CPU.Build.0 = Debug|Any CPU
		{04EBCB94-404A-474F-94CD-F58EAFFF890A}.DVD-5|ARM.ActiveCfg = Debug|Any CPU
		{04EBCB94-404A-474F-94CD-F58EAFFF890A}.DVD-5|Mixed Platforms.ActiveCfg = Debug|x86
		{04EBCB94-404A-474F-94CD-F58EAFFF890A}.DVD-5|Mixed Platforms.Build.0 = Debug|x86
		{04EBCB94-404A-474F-94CD-F58EAFFF890A}.DVD-5|Win32.ActiveCfg = Debug|x86
		{04EBCB94-404A-474F-94CD-F58EAFFF890A}.DVD-5|Win32.Build.0 = Debug|x86
		{04EBCB94-404A-474F-94CD-F58EAFFF890A}.DVD-5|x64.ActiveCfg = Debug|x64
		{04EBCB94-404A-474F-94CD-F58EAFFF890A}.DVD-5|x64.Build.0 = Debug|x64
		{04EBCB94-404A-474F-94CD-F58EAFFF890A}.DVD-5|x86.ActiveCfg = Debug|x86
		{04EBCB94-404A-474F-94CD-F58EAFFF890A}.DVD-5|x86.Build.0 = Debug|x86
		{04EBCB94-404A-474F-94CD-F58EAFFF890A}.Release|Any CPU.ActiveCfg = Release|Any CPU
		{04EBCB94-404A-474F-94CD-F58EAFFF890A}.Release|Any CPU.Build.0 = Release|Any CPU
		{04EBCB94-404A-474F-94CD-F58EAFFF890A}.Release|ARM.ActiveCfg = Release|Any CPU
		{04EBCB94-404A-474F-94CD-F58EAFFF890A}.Release|Mixed Platforms.ActiveCfg = Release|x86
		{04EBCB94-404A-474F-94CD-F58EAFFF890A}.Release|Mixed Platforms.Build.0 = Release|x86
		{04EBCB94-404A-474F-94CD-F58EAFFF890A}.Release|Win32.ActiveCfg = Release|x86
		{04EBCB94-404A-474F-94CD-F58EAFFF890A}.Release|Win32.Build.0 = Release|x86
		{04EBCB94-404A-474F-94CD-F58EAFFF890A}.Release|x64.ActiveCfg = Release|x64
		{04EBCB94-404A-474F-94CD-F58EAFFF890A}.Release|x64.Build.0 = Release|x64
		{04EBCB94-404A-474F-94CD-F58EAFFF890A}.Release|x86.ActiveCfg = Release|x86
		{04EBCB94-404A-474F-94CD-F58EAFFF890A}.Release|x86.Build.0 = Release|x86
		{04EBCB94-404A-474F-94CD-F58EAFFF890A}.SingleImage|Any CPU.ActiveCfg = Release|Any CPU
		{04EBCB94-404A-474F-94CD-F58EAFFF890A}.SingleImage|Any CPU.Build.0 = Release|Any CPU
		{04EBCB94-404A-474F-94CD-F58EAFFF890A}.SingleImage|ARM.ActiveCfg = Debug|Any CPU
		{04EBCB94-404A-474F-94CD-F58EAFFF890A}.SingleImage|Mixed Platforms.ActiveCfg = Release|x86
		{04EBCB94-404A-474F-94CD-F58EAFFF890A}.SingleImage|Mixed Platforms.Build.0 = Release|x86
		{04EBCB94-404A-474F-94CD-F58EAFFF890A}.SingleImage|Win32.ActiveCfg = Debug|x86
		{04EBCB94-404A-474F-94CD-F58EAFFF890A}.SingleImage|Win32.Build.0 = Debug|x86
		{04EBCB94-404A-474F-94CD-F58EAFFF890A}.SingleImage|x64.ActiveCfg = Release|x64
		{04EBCB94-404A-474F-94CD-F58EAFFF890A}.SingleImage|x64.Build.0 = Release|x64
		{04EBCB94-404A-474F-94CD-F58EAFFF890A}.SingleImage|x86.ActiveCfg = Release|x86
		{04EBCB94-404A-474F-94CD-F58EAFFF890A}.SingleImage|x86.Build.0 = Release|x86
		{E34DA2D4-E43B-4B37-AE10-961556FB3CC7}.CD_ROM|Any CPU.ActiveCfg = CD_ROM
		{E34DA2D4-E43B-4B37-AE10-961556FB3CC7}.CD_ROM|Any CPU.Build.0 = CD_ROM
		{E34DA2D4-E43B-4B37-AE10-961556FB3CC7}.CD_ROM|ARM.ActiveCfg = CD_ROM
		{E34DA2D4-E43B-4B37-AE10-961556FB3CC7}.CD_ROM|ARM.Build.0 = CD_ROM
		{E34DA2D4-E43B-4B37-AE10-961556FB3CC7}.CD_ROM|Mixed Platforms.ActiveCfg = CD_ROM
		{E34DA2D4-E43B-4B37-AE10-961556FB3CC7}.CD_ROM|Mixed Platforms.Build.0 = CD_ROM
		{E34DA2D4-E43B-4B37-AE10-961556FB3CC7}.CD_ROM|Win32.ActiveCfg = CD_ROM
		{E34DA2D4-E43B-4B37-AE10-961556FB3CC7}.CD_ROM|Win32.Build.0 = CD_ROM
		{E34DA2D4-E43B-4B37-AE10-961556FB3CC7}.CD_ROM|x64.ActiveCfg = CD_ROM
		{E34DA2D4-E43B-4B37-AE10-961556FB3CC7}.CD_ROM|x64.Build.0 = CD_ROM
		{E34DA2D4-E43B-4B37-AE10-961556FB3CC7}.CD_ROM|x86.ActiveCfg = CD_ROM
		{E34DA2D4-E43B-4B37-AE10-961556FB3CC7}.CD_ROM|x86.Build.0 = CD_ROM
		{E34DA2D4-E43B-4B37-AE10-961556FB3CC7}.Debug|Any CPU.ActiveCfg = SingleImage
		{E34DA2D4-E43B-4B37-AE10-961556FB3CC7}.Debug|ARM.ActiveCfg = DVD-5
		{E34DA2D4-E43B-4B37-AE10-961556FB3CC7}.Debug|ARM.Build.0 = DVD-5
		{E34DA2D4-E43B-4B37-AE10-961556FB3CC7}.Debug|Mixed Platforms.ActiveCfg = DVD-5
		{E34DA2D4-E43B-4B37-AE10-961556FB3CC7}.Debug|Mixed Platforms.Build.0 = DVD-5
		{E34DA2D4-E43B-4B37-AE10-961556FB3CC7}.Debug|Win32.ActiveCfg = DVD-5
		{E34DA2D4-E43B-4B37-AE10-961556FB3CC7}.Debug|Win32.Build.0 = DVD-5
		{E34DA2D4-E43B-4B37-AE10-961556FB3CC7}.Debug|x64.ActiveCfg = SingleImage
		{E34DA2D4-E43B-4B37-AE10-961556FB3CC7}.Debug|x86.ActiveCfg = SingleImage
		{E34DA2D4-E43B-4B37-AE10-961556FB3CC7}.DVD-5|Any CPU.ActiveCfg = DVD-5
		{E34DA2D4-E43B-4B37-AE10-961556FB3CC7}.DVD-5|Any CPU.Build.0 = DVD-5
		{E34DA2D4-E43B-4B37-AE10-961556FB3CC7}.DVD-5|ARM.ActiveCfg = DVD-5
		{E34DA2D4-E43B-4B37-AE10-961556FB3CC7}.DVD-5|ARM.Build.0 = DVD-5
		{E34DA2D4-E43B-4B37-AE10-961556FB3CC7}.DVD-5|Mixed Platforms.ActiveCfg = DVD-5
		{E34DA2D4-E43B-4B37-AE10-961556FB3CC7}.DVD-5|Mixed Platforms.Build.0 = DVD-5
		{E34DA2D4-E43B-4B37-AE10-961556FB3CC7}.DVD-5|Win32.ActiveCfg = DVD-5
		{E34DA2D4-E43B-4B37-AE10-961556FB3CC7}.DVD-5|Win32.Build.0 = DVD-5
		{E34DA2D4-E43B-4B37-AE10-961556FB3CC7}.DVD-5|x64.ActiveCfg = DVD-5
		{E34DA2D4-E43B-4B37-AE10-961556FB3CC7}.DVD-5|x64.Build.0 = DVD-5
		{E34DA2D4-E43B-4B37-AE10-961556FB3CC7}.DVD-5|x86.ActiveCfg = DVD-5
		{E34DA2D4-E43B-4B37-AE10-961556FB3CC7}.DVD-5|x86.Build.0 = DVD-5
		{E34DA2D4-E43B-4B37-AE10-961556FB3CC7}.Release|Any CPU.ActiveCfg = SingleImage
		{E34DA2D4-E43B-4B37-AE10-961556FB3CC7}.Release|Any CPU.Build.0 = SingleImage
		{E34DA2D4-E43B-4B37-AE10-961556FB3CC7}.Release|ARM.ActiveCfg = DVD-5
		{E34DA2D4-E43B-4B37-AE10-961556FB3CC7}.Release|ARM.Build.0 = DVD-5
		{E34DA2D4-E43B-4B37-AE10-961556FB3CC7}.Release|Mixed Platforms.ActiveCfg = SingleImage
		{E34DA2D4-E43B-4B37-AE10-961556FB3CC7}.Release|Mixed Platforms.Build.0 = SingleImage
		{E34DA2D4-E43B-4B37-AE10-961556FB3CC7}.Release|Win32.ActiveCfg = DVD-5
		{E34DA2D4-E43B-4B37-AE10-961556FB3CC7}.Release|Win32.Build.0 = DVD-5
		{E34DA2D4-E43B-4B37-AE10-961556FB3CC7}.Release|x64.ActiveCfg = SingleImage
		{E34DA2D4-E43B-4B37-AE10-961556FB3CC7}.Release|x64.Build.0 = SingleImage
		{E34DA2D4-E43B-4B37-AE10-961556FB3CC7}.Release|x86.ActiveCfg = SingleImage
		{E34DA2D4-E43B-4B37-AE10-961556FB3CC7}.SingleImage|Any CPU.ActiveCfg = SingleImage
		{E34DA2D4-E43B-4B37-AE10-961556FB3CC7}.SingleImage|Any CPU.Build.0 = SingleImage
		{E34DA2D4-E43B-4B37-AE10-961556FB3CC7}.SingleImage|ARM.ActiveCfg = SingleImage
		{E34DA2D4-E43B-4B37-AE10-961556FB3CC7}.SingleImage|ARM.Build.0 = SingleImage
		{E34DA2D4-E43B-4B37-AE10-961556FB3CC7}.SingleImage|Mixed Platforms.ActiveCfg = SingleImage
		{E34DA2D4-E43B-4B37-AE10-961556FB3CC7}.SingleImage|Mixed Platforms.Build.0 = SingleImage
		{E34DA2D4-E43B-4B37-AE10-961556FB3CC7}.SingleImage|Win32.ActiveCfg = SingleImage
		{E34DA2D4-E43B-4B37-AE10-961556FB3CC7}.SingleImage|Win32.Build.0 = SingleImage
		{E34DA2D4-E43B-4B37-AE10-961556FB3CC7}.SingleImage|x64.ActiveCfg = SingleImage
		{E34DA2D4-E43B-4B37-AE10-961556FB3CC7}.SingleImage|x64.Build.0 = SingleImage
		{E34DA2D4-E43B-4B37-AE10-961556FB3CC7}.SingleImage|x86.ActiveCfg = SingleImage
	EndGlobalSection
	GlobalSection(SolutionProperties) = preSolution
		HideSolutionNode = FALSE
	EndGlobalSection
EndGlobal
